
Microsoft Visual Studio Solution File, Format Version 12.00
# Visual Studio Version 17
VisualStudioVersion = 17.2.32630.192
MinimumVisualStudioVersion = 10.0.40219.1
Project("{9A19103F-16F7-4668-BE54-9A1E7A4F7556}") = "Tarjetas", "Tarjetas\Tarjetas.csproj", "{E19C68B8-1CA2-46E9-9933-C857A79B72A2}"
EndProject
Global
	GlobalSection(SolutionConfigurationPlatforms) = preSolution
		Debug|Any CPU = Debug|Any CPU
		Release|Any CPU = Release|Any CPU
	EndGlobalSection
	GlobalSection(ProjectConfigurationPlatforms) = postSolution
		{E19C68B8-1CA2-46E9-9933-C857A79B72A2}.Debug|Any CPU.ActiveCfg = Debug|Any CPU
		{E19C68B8-1CA2-46E9-9933-C857A79B72A2}.Debug|Any CPU.Build.0 = Debug|Any CPU
		{E19C68B8-1CA2-46E9-9933-C857A79B72A2}.Release|Any CPU.ActiveCfg = Release|Any CPU
		{E19C68B8-1CA2-46E9-9933-C857A79B72A2}.Release|Any CPU.Build.0 = Release|Any CPU
	EndGlobalSection
	GlobalSection(SolutionProperties) = preSolution
		HideSolutionNode = FALSE
	EndGlobalSection
	GlobalSection(ExtensibilityGlobals) = postSolution
		SolutionGuid = {FF4CE5F6-92F6-4A56-8911-1EAE0DD59100}
	EndGlobalSection
EndGlobal
